// !$*UTF8*$!
{
	archiveVersion = 1;
	classes = {
	};
	objectVersion = 50;
	objects = {

/* Begin PBXBuildFile section */
		9E87A87C24D40C6900DEAD5E /* AppDelegate.m in Sources */ = {isa = PBXBuildFile; fileRef = 9E87A87B24D40C6900DEAD5E /* AppDelegate.m */; };
		9E87A88724D40C7000DEAD5E /* Assets.xcassets in Resources */ = {isa = PBXBuildFile; fileRef = 9E87A88624D40C7000DEAD5E /* Assets.xcassets */; };
		9E87A88A24D40C7000DEAD5E /* LaunchScreen.storyboard in Resources */ = {isa = PBXBuildFile; fileRef = 9E87A88824D40C7000DEAD5E /* LaunchScreen.storyboard */; };
		9E87A88D24D40C7000DEAD5E /* main.m in Sources */ = {isa = PBXBuildFile; fileRef = 9E87A88C24D40C7000DEAD5E /* main.m */; };
		9E87A89524D40D1900DEAD5E /* DYMainTabBarController.m in Sources */ = {isa = PBXBuildFile; fileRef = 9E87A89424D40D1900DEAD5E /* DYMainTabBarController.m */; };
		9E87A8B924D4106A00DEAD5E /* UIButton+CountDown.m in Sources */ = {isa = PBXBuildFile; fileRef = 9E87A8B324D4106A00DEAD5E /* UIButton+CountDown.m */; };
		9E87A8C024D411C500DEAD5E /* DYColor.m in Sources */ = {isa = PBXBuildFile; fileRef = 9E87A8BF24D411C500DEAD5E /* DYColor.m */; };
		9E87A8C624D4147B00DEAD5E /* UIButton+Util.m in Sources */ = {isa = PBXBuildFile; fileRef = 9E87A8C524D4147B00DEAD5E /* UIButton+Util.m */; };
		9E87A8CC24D414CB00DEAD5E /* UIColor+Util.m in Sources */ = {isa = PBXBuildFile; fileRef = 9E87A8CA24D414CB00DEAD5E /* UIColor+Util.m */; };
		9E87A8CF24D4153900DEAD5E /* UIViewController+DYToast.m in Sources */ = {isa = PBXBuildFile; fileRef = 9E87A8CE24D4153900DEAD5E /* UIViewController+DYToast.m */; };
		9E87A8D224D4155B00DEAD5E /* UIView+Controller.m in Sources */ = {isa = PBXBuildFile; fileRef = 9E87A8D024D4155B00DEAD5E /* UIView+Controller.m */; };
		9E87A8D524D4156300DEAD5E /* NSString+Util.m in Sources */ = {isa = PBXBuildFile; fileRef = 9E87A8D324D4156300DEAD5E /* NSString+Util.m */; };
		9E87A8D824D415CE00DEAD5E /* UITextView+Placeholder.m in Sources */ = {isa = PBXBuildFile; fileRef = 9E87A8D624D415CE00DEAD5E /* UITextView+Placeholder.m */; };
		9E87A8ED24D4164A00DEAD5E /* DYUnaffiliatedDataPickerView.m in Sources */ = {isa = PBXBuildFile; fileRef = 9E87A8DB24D4164A00DEAD5E /* DYUnaffiliatedDataPickerView.m */; };
		9E87A8EE24D4164A00DEAD5E /* DYDatePickerView.m in Sources */ = {isa = PBXBuildFile; fileRef = 9E87A8DF24D4164A00DEAD5E /* DYDatePickerView.m */; };
		9E87A8EF24D4164A00DEAD5E /* DYBaseView.m in Sources */ = {isa = PBXBuildFile; fileRef = 9E87A8E224D4164A00DEAD5E /* DYBaseView.m */; };
		9E87A8F024D4164A00DEAD5E /* DYAddressModel.m in Sources */ = {isa = PBXBuildFile; fileRef = 9E87A8E624D4164A00DEAD5E /* DYAddressModel.m */; };
		9E87A8F224D4164A00DEAD5E /* DYAddressPickerView.m in Sources */ = {isa = PBXBuildFile; fileRef = 9E87A8E824D4164A00DEAD5E /* DYAddressPickerView.m */; };
		9E87A8F324D4164A00DEAD5E /* address.plist in Resources */ = {isa = PBXBuildFile; fileRef = 9E87A8E924D4164A00DEAD5E /* address.plist */; };
		9E87A8FB24D416F600DEAD5E /* NSObject+YYModel.m in Sources */ = {isa = PBXBuildFile; fileRef = 9E87A8F824D416F600DEAD5E /* NSObject+YYModel.m */; };
		9E87A8FC24D416F600DEAD5E /* YYClassInfo.m in Sources */ = {isa = PBXBuildFile; fileRef = 9E87A8F924D416F600DEAD5E /* YYClassInfo.m */; };
		9E87A91724D4180400DEAD5E /* NSLayoutConstraint+MASDebugAdditions.m in Sources */ = {isa = PBXBuildFile; fileRef = 9E87A8FF24D4180400DEAD5E /* NSLayoutConstraint+MASDebugAdditions.m */; };
		9E87A91824D4180400DEAD5E /* ViewController+MASAdditions.m in Sources */ = {isa = PBXBuildFile; fileRef = 9E87A90824D4180400DEAD5E /* ViewController+MASAdditions.m */; };
		9E87A91924D4180400DEAD5E /* MASCompositeConstraint.m in Sources */ = {isa = PBXBuildFile; fileRef = 9E87A90C24D4180400DEAD5E /* MASCompositeConstraint.m */; };
		9E87A91A24D4180400DEAD5E /* MASConstraintMaker.m in Sources */ = {isa = PBXBuildFile; fileRef = 9E87A90D24D4180400DEAD5E /* MASConstraintMaker.m */; };
		9E87A91B24D4180400DEAD5E /* MASLayoutConstraint.m in Sources */ = {isa = PBXBuildFile; fileRef = 9E87A90E24D4180400DEAD5E /* MASLayoutConstraint.m */; };
		9E87A91C24D4180400DEAD5E /* NSArray+MASAdditions.m in Sources */ = {isa = PBXBuildFile; fileRef = 9E87A90F24D4180400DEAD5E /* NSArray+MASAdditions.m */; };
		9E87A91D24D4180400DEAD5E /* View+MASAdditions.m in Sources */ = {isa = PBXBuildFile; fileRef = 9E87A91024D4180400DEAD5E /* View+MASAdditions.m */; };
		9E87A91E24D4180400DEAD5E /* MASConstraint.m in Sources */ = {isa = PBXBuildFile; fileRef = 9E87A91324D4180400DEAD5E /* MASConstraint.m */; };
		9E87A91F24D4180400DEAD5E /* MASViewConstraint.m in Sources */ = {isa = PBXBuildFile; fileRef = 9E87A91524D4180400DEAD5E /* MASViewConstraint.m */; };
		9E87A92024D4180400DEAD5E /* MASViewAttribute.m in Sources */ = {isa = PBXBuildFile; fileRef = 9E87A91624D4180400DEAD5E /* MASViewAttribute.m */; };
		9E87A92A24D4182C00DEAD5E /* YYDiskCache.m in Sources */ = {isa = PBXBuildFile; fileRef = 9E87A92224D4182C00DEAD5E /* YYDiskCache.m */; };
		9E87A92B24D4182C00DEAD5E /* YYCache.m in Sources */ = {isa = PBXBuildFile; fileRef = 9E87A92424D4182C00DEAD5E /* YYCache.m */; };
		9E87A92C24D4182C00DEAD5E /* YYKVStorage.m in Sources */ = {isa = PBXBuildFile; fileRef = 9E87A92824D4182C00DEAD5E /* YYKVStorage.m */; };
		9E87A92D24D4182C00DEAD5E /* YYMemoryCache.m in Sources */ = {isa = PBXBuildFile; fileRef = 9E87A92924D4182C00DEAD5E /* YYMemoryCache.m */; };
		9E87A93324D418C100DEAD5E /* DYBaseViewController.m in Sources */ = {isa = PBXBuildFile; fileRef = 9E87A93224D418C100DEAD5E /* DYBaseViewController.m */; };
		9E87A93924D4191900DEAD5E /* DYBaseNavigationController.m in Sources */ = {isa = PBXBuildFile; fileRef = 9E87A93824D4191900DEAD5E /* DYBaseNavigationController.m */; };
		9E87A93C24D41A3900DEAD5E /* DYSameCityViewController.m in Sources */ = {isa = PBXBuildFile; fileRef = 9E87A93B24D41A3900DEAD5E /* DYSameCityViewController.m */; };
		9E87A93F24D41A4600DEAD5E /* DYMsgViewController.m in Sources */ = {isa = PBXBuildFile; fileRef = 9E87A93E24D41A4600DEAD5E /* DYMsgViewController.m */; };
		9E87A94224D41A4F00DEAD5E /* DYMeViewController.m in Sources */ = {isa = PBXBuildFile; fileRef = 9E87A94124D41A4F00DEAD5E /* DYMeViewController.m */; };
		9E87A94824D41E7D00DEAD5E /* DYTabBar.m in Sources */ = {isa = PBXBuildFile; fileRef = 9E87A94724D41E7D00DEAD5E /* DYTabBar.m */; };
		9E87A94B24D4216300DEAD5E /* DYFont.m in Sources */ = {isa = PBXBuildFile; fileRef = 9E87A94A24D4216300DEAD5E /* DYFont.m */; };
		9E87A94E24D4286A00DEAD5E /* UIView+Util.m in Sources */ = {isa = PBXBuildFile; fileRef = 9E87A94D24D4286A00DEAD5E /* UIView+Util.m */; };
		9E87A97A24D4FEF800DEAD5E /* DYSegmentView.m in Sources */ = {isa = PBXBuildFile; fileRef = 9E87A97924D4FEF800DEAD5E /* DYSegmentView.m */; };
		9EC3DD1A24D80CF0005A93BC /* DYHomeViewController.m in Sources */ = {isa = PBXBuildFile; fileRef = 9EC3DD1924D80CF0005A93BC /* DYHomeViewController.m */; };
		9EC3DD1D24D80CFD005A93BC /* DYVideoTableController.m in Sources */ = {isa = PBXBuildFile; fileRef = 9EC3DD1C24D80CFD005A93BC /* DYVideoTableController.m */; };
		9EC3DD2024D81074005A93BC /* DYVideoViewCell.m in Sources */ = {isa = PBXBuildFile; fileRef = 9EC3DD1F24D81074005A93BC /* DYVideoViewCell.m */; };
/* End PBXBuildFile section */

/* Begin PBXFileReference section */
		9E87A87724D40C6900DEAD5E /* DouYin.app */ = {isa = PBXFileReference; explicitFileType = wrapper.application; includeInIndex = 0; path = DouYin.app; sourceTree = BUILT_PRODUCTS_DIR; };
		9E87A87A24D40C6900DEAD5E /* AppDelegate.h */ = {isa = PBXFileReference; lastKnownFileType = sourcecode.c.h; path = AppDelegate.h; sourceTree = "<group>"; };
		9E87A87B24D40C6900DEAD5E /* AppDelegate.m */ = {isa = PBXFileReference; lastKnownFileType = sourcecode.c.objc; path = AppDelegate.m; sourceTree = "<group>"; };
		9E87A88624D40C7000DEAD5E /* Assets.xcassets */ = {isa = PBXFileReference; lastKnownFileType = folder.assetcatalog; path = Assets.xcassets; sourceTree = "<group>"; };
		9E87A88924D40C7000DEAD5E /* Base */ = {isa = PBXFileReference; lastKnownFileType = file.storyboard; name = Base; path = Base.lproj/LaunchScreen.storyboard; sourceTree = "<group>"; };
		9E87A88B24D40C7000DEAD5E /* Info.plist */ = {isa = PBXFileReference; lastKnownFileType = text.plist.xml; path = Info.plist; sourceTree = "<group>"; };
		9E87A88C24D40C7000DEAD5E /* main.m */ = {isa = PBXFileReference; lastKnownFileType = sourcecode.c.objc; path = main.m; sourceTree = "<group>"; };
		9E87A89324D40D1900DEAD5E /* DYMainTabBarController.h */ = {isa = PBXFileReference; lastKnownFileType = sourcecode.c.h; path = DYMainTabBarController.h; sourceTree = "<group>"; };
		9E87A89424D40D1900DEAD5E /* DYMainTabBarController.m */ = {isa = PBXFileReference; lastKnownFileType = sourcecode.c.objc; path = DYMainTabBarController.m; sourceTree = "<group>"; };
		9E87A8B324D4106A00DEAD5E /* UIButton+CountDown.m */ = {isa = PBXFileReference; fileEncoding = 4; lastKnownFileType = sourcecode.c.objc; path = "UIButton+CountDown.m"; sourceTree = "<group>"; };
		9E87A8B424D4106A00DEAD5E /* UIButton+CountDown.h */ = {isa = PBXFileReference; fileEncoding = 4; lastKnownFileType = sourcecode.c.h; path = "UIButton+CountDown.h"; sourceTree = "<group>"; };
		9E87A8BD24D4112D00DEAD5E /* DYPrefixHeader.pch */ = {isa = PBXFileReference; lastKnownFileType = sourcecode.c.h; path = DYPrefixHeader.pch; sourceTree = "<group>"; };
		9E87A8BE24D411C500DEAD5E /* DYColor.h */ = {isa = PBXFileReference; lastKnownFileType = sourcecode.c.h; path = DYColor.h; sourceTree = "<group>"; };
		9E87A8BF24D411C500DEAD5E /* DYColor.m */ = {isa = PBXFileReference; lastKnownFileType = sourcecode.c.objc; path = DYColor.m; sourceTree = "<group>"; };
		9E87A8C324D412E900DEAD5E /* DYCommonMacro.h */ = {isa = PBXFileReference; lastKnownFileType = sourcecode.c.h; path = DYCommonMacro.h; sourceTree = "<group>"; };
		9E87A8C424D4147B00DEAD5E /* UIButton+Util.h */ = {isa = PBXFileReference; fileEncoding = 4; lastKnownFileType = sourcecode.c.h; path = "UIButton+Util.h"; sourceTree = "<group>"; };
		9E87A8C524D4147B00DEAD5E /* UIButton+Util.m */ = {isa = PBXFileReference; fileEncoding = 4; lastKnownFileType = sourcecode.c.objc; path = "UIButton+Util.m"; sourceTree = "<group>"; };
		9E87A8CA24D414CB00DEAD5E /* UIColor+Util.m */ = {isa = PBXFileReference; fileEncoding = 4; lastKnownFileType = sourcecode.c.objc; path = "UIColor+Util.m"; sourceTree = "<group>"; };
		9E87A8CB24D414CB00DEAD5E /* UIColor+Util.h */ = {isa = PBXFileReference; fileEncoding = 4; lastKnownFileType = sourcecode.c.h; path = "UIColor+Util.h"; sourceTree = "<group>"; };
		9E87A8CD24D4153900DEAD5E /* UIViewController+DYToast.h */ = {isa = PBXFileReference; fileEncoding = 4; lastKnownFileType = sourcecode.c.h; path = "UIViewController+DYToast.h"; sourceTree = "<group>"; };
		9E87A8CE24D4153900DEAD5E /* UIViewController+DYToast.m */ = {isa = PBXFileReference; fileEncoding = 4; lastKnownFileType = sourcecode.c.objc; path = "UIViewController+DYToast.m"; sourceTree = "<group>"; };
		9E87A8D024D4155B00DEAD5E /* UIView+Controller.m */ = {isa = PBXFileReference; fileEncoding = 4; lastKnownFileType = sourcecode.c.objc; path = "UIView+Controller.m"; sourceTree = "<group>"; };
		9E87A8D124D4155B00DEAD5E /* UIView+Controller.h */ = {isa = PBXFileReference; fileEncoding = 4; lastKnownFileType = sourcecode.c.h; path = "UIView+Controller.h"; sourceTree = "<group>"; };
		9E87A8D324D4156300DEAD5E /* NSString+Util.m */ = {isa = PBXFileReference; fileEncoding = 4; lastKnownFileType = sourcecode.c.objc; path = "NSString+Util.m"; sourceTree = "<group>"; };
		9E87A8D424D4156300DEAD5E /* NSString+Util.h */ = {isa = PBXFileReference; fileEncoding = 4; lastKnownFileType = sourcecode.c.h; path = "NSString+Util.h"; sourceTree = "<group>"; };
		9E87A8D624D415CE00DEAD5E /* UITextView+Placeholder.m */ = {isa = PBXFileReference; fileEncoding = 4; lastKnownFileType = sourcecode.c.objc; path = "UITextView+Placeholder.m"; sourceTree = "<group>"; };
		9E87A8D724D415CE00DEAD5E /* UITextView+Placeholder.h */ = {isa = PBXFileReference; fileEncoding = 4; lastKnownFileType = sourcecode.c.h; path = "UITextView+Placeholder.h"; sourceTree = "<group>"; };
		9E87A8DB24D4164A00DEAD5E /* DYUnaffiliatedDataPickerView.m */ = {isa = PBXFileReference; fileEncoding = 4; lastKnownFileType = sourcecode.c.objc; path = DYUnaffiliatedDataPickerView.m; sourceTree = "<group>"; };
		9E87A8DC24D4164A00DEAD5E /* DYUnaffiliatedDataPickerView.h */ = {isa = PBXFileReference; fileEncoding = 4; lastKnownFileType = sourcecode.c.h; path = DYUnaffiliatedDataPickerView.h; sourceTree = "<group>"; };
		9E87A8DD24D4164A00DEAD5E /* DYPickerView.h */ = {isa = PBXFileReference; fileEncoding = 4; lastKnownFileType = sourcecode.c.h; path = DYPickerView.h; sourceTree = "<group>"; };
		9E87A8DF24D4164A00DEAD5E /* DYDatePickerView.m */ = {isa = PBXFileReference; fileEncoding = 4; lastKnownFileType = sourcecode.c.objc; path = DYDatePickerView.m; sourceTree = "<group>"; };
		9E87A8E024D4164A00DEAD5E /* DYDatePickerView.h */ = {isa = PBXFileReference; fileEncoding = 4; lastKnownFileType = sourcecode.c.h; path = DYDatePickerView.h; sourceTree = "<group>"; };
		9E87A8E224D4164A00DEAD5E /* DYBaseView.m */ = {isa = PBXFileReference; fileEncoding = 4; lastKnownFileType = sourcecode.c.objc; path = DYBaseView.m; sourceTree = "<group>"; };
		9E87A8E324D4164A00DEAD5E /* DYBaseView.h */ = {isa = PBXFileReference; fileEncoding = 4; lastKnownFileType = sourcecode.c.h; path = DYBaseView.h; sourceTree = "<group>"; };
		9E87A8E524D4164A00DEAD5E /* DYAddressPickerView.h */ = {isa = PBXFileReference; fileEncoding = 4; lastKnownFileType = sourcecode.c.h; path = DYAddressPickerView.h; sourceTree = "<group>"; };
		9E87A8E624D4164A00DEAD5E /* DYAddressModel.m */ = {isa = PBXFileReference; fileEncoding = 4; lastKnownFileType = sourcecode.c.objc; path = DYAddressModel.m; sourceTree = "<group>"; };
		9E87A8E824D4164A00DEAD5E /* DYAddressPickerView.m */ = {isa = PBXFileReference; fileEncoding = 4; lastKnownFileType = sourcecode.c.objc; path = DYAddressPickerView.m; sourceTree = "<group>"; };
		9E87A8E924D4164A00DEAD5E /* address.plist */ = {isa = PBXFileReference; fileEncoding = 4; lastKnownFileType = text.plist.xml; path = address.plist; sourceTree = "<group>"; };
		9E87A8EA24D4164A00DEAD5E /* DYAddressModel.h */ = {isa = PBXFileReference; fileEncoding = 4; lastKnownFileType = sourcecode.c.h; path = DYAddressModel.h; sourceTree = "<group>"; };
		9E87A8F624D416F600DEAD5E /* YYClassInfo.h */ = {isa = PBXFileReference; fileEncoding = 4; lastKnownFileType = sourcecode.c.h; path = YYClassInfo.h; sourceTree = "<group>"; };
		9E87A8F724D416F600DEAD5E /* YYModel.h */ = {isa = PBXFileReference; fileEncoding = 4; lastKnownFileType = sourcecode.c.h; path = YYModel.h; sourceTree = "<group>"; };
		9E87A8F824D416F600DEAD5E /* NSObject+YYModel.m */ = {isa = PBXFileReference; fileEncoding = 4; lastKnownFileType = sourcecode.c.objc; path = "NSObject+YYModel.m"; sourceTree = "<group>"; };
		9E87A8F924D416F600DEAD5E /* YYClassInfo.m */ = {isa = PBXFileReference; fileEncoding = 4; lastKnownFileType = sourcecode.c.objc; path = YYClassInfo.m; sourceTree = "<group>"; };
		9E87A8FA24D416F600DEAD5E /* NSObject+YYModel.h */ = {isa = PBXFileReference; fileEncoding = 4; lastKnownFileType = sourcecode.c.h; path = "NSObject+YYModel.h"; sourceTree = "<group>"; };
		9E87A8FE24D4180400DEAD5E /* MASCompositeConstraint.h */ = {isa = PBXFileReference; fileEncoding = 4; lastKnownFileType = sourcecode.c.h; path = MASCompositeConstraint.h; sourceTree = "<group>"; };
		9E87A8FF24D4180400DEAD5E /* NSLayoutConstraint+MASDebugAdditions.m */ = {isa = PBXFileReference; fileEncoding = 4; lastKnownFileType = sourcecode.c.objc; path = "NSLayoutConstraint+MASDebugAdditions.m"; sourceTree = "<group>"; };
		9E87A90024D4180400DEAD5E /* MASConstraint+Private.h */ = {isa = PBXFileReference; fileEncoding = 4; lastKnownFileType = sourcecode.c.h; path = "MASConstraint+Private.h"; sourceTree = "<group>"; };
		9E87A90124D4180400DEAD5E /* MASLayoutConstraint.h */ = {isa = PBXFileReference; fileEncoding = 4; lastKnownFileType = sourcecode.c.h; path = MASLayoutConstraint.h; sourceTree = "<group>"; };
		9E87A90224D4180400DEAD5E /* NSArray+MASShorthandAdditions.h */ = {isa = PBXFileReference; fileEncoding = 4; lastKnownFileType = sourcecode.c.h; path = "NSArray+MASShorthandAdditions.h"; sourceTree = "<group>"; };
		9E87A90324D4180400DEAD5E /* MASConstraintMaker.h */ = {isa = PBXFileReference; fileEncoding = 4; lastKnownFileType = sourcecode.c.h; path = MASConstraintMaker.h; sourceTree = "<group>"; };
		9E87A90424D4180400DEAD5E /* View+MASAdditions.h */ = {isa = PBXFileReference; fileEncoding = 4; lastKnownFileType = sourcecode.c.h; path = "View+MASAdditions.h"; sourceTree = "<group>"; };
		9E87A90524D4180400DEAD5E /* NSArray+MASAdditions.h */ = {isa = PBXFileReference; fileEncoding = 4; lastKnownFileType = sourcecode.c.h; path = "NSArray+MASAdditions.h"; sourceTree = "<group>"; };
		9E87A90624D4180400DEAD5E /* MASUtilities.h */ = {isa = PBXFileReference; fileEncoding = 4; lastKnownFileType = sourcecode.c.h; path = MASUtilities.h; sourceTree = "<group>"; };
		9E87A90724D4180400DEAD5E /* MASViewAttribute.h */ = {isa = PBXFileReference; fileEncoding = 4; lastKnownFileType = sourcecode.c.h; path = MASViewAttribute.h; sourceTree = "<group>"; };
		9E87A90824D4180400DEAD5E /* ViewController+MASAdditions.m */ = {isa = PBXFileReference; fileEncoding = 4; lastKnownFileType = sourcecode.c.objc; path = "ViewController+MASAdditions.m"; sourceTree = "<group>"; };
		9E87A90924D4180400DEAD5E /* MASViewConstraint.h */ = {isa = PBXFileReference; fileEncoding = 4; lastKnownFileType = sourcecode.c.h; path = MASViewConstraint.h; sourceTree = "<group>"; };
		9E87A90A24D4180400DEAD5E /* MASConstraint.h */ = {isa = PBXFileReference; fileEncoding = 4; lastKnownFileType = sourcecode.c.h; path = MASConstraint.h; sourceTree = "<group>"; };
		9E87A90B24D4180400DEAD5E /* NSLayoutConstraint+MASDebugAdditions.h */ = {isa = PBXFileReference; fileEncoding = 4; lastKnownFileType = sourcecode.c.h; path = "NSLayoutConstraint+MASDebugAdditions.h"; sourceTree = "<group>"; };
		9E87A90C24D4180400DEAD5E /* MASCompositeConstraint.m */ = {isa = PBXFileReference; fileEncoding = 4; lastKnownFileType = sourcecode.c.objc; path = MASCompositeConstraint.m; sourceTree = "<group>"; };
		9E87A90D24D4180400DEAD5E /* MASConstraintMaker.m */ = {isa = PBXFileReference; fileEncoding = 4; lastKnownFileType = sourcecode.c.objc; path = MASConstraintMaker.m; sourceTree = "<group>"; };
		9E87A90E24D4180400DEAD5E /* MASLayoutConstraint.m */ = {isa = PBXFileReference; fileEncoding = 4; lastKnownFileType = sourcecode.c.objc; path = MASLayoutConstraint.m; sourceTree = "<group>"; };
		9E87A90F24D4180400DEAD5E /* NSArray+MASAdditions.m */ = {isa = PBXFileReference; fileEncoding = 4; lastKnownFileType = sourcecode.c.objc; path = "NSArray+MASAdditions.m"; sourceTree = "<group>"; };
		9E87A91024D4180400DEAD5E /* View+MASAdditions.m */ = {isa = PBXFileReference; fileEncoding = 4; lastKnownFileType = sourcecode.c.objc; path = "View+MASAdditions.m"; sourceTree = "<group>"; };
		9E87A91124D4180400DEAD5E /* View+MASShorthandAdditions.h */ = {isa = PBXFileReference; fileEncoding = 4; lastKnownFileType = sourcecode.c.h; path = "View+MASShorthandAdditions.h"; sourceTree = "<group>"; };
		9E87A91224D4180400DEAD5E /* Masonry.h */ = {isa = PBXFileReference; fileEncoding = 4; lastKnownFileType = sourcecode.c.h; path = Masonry.h; sourceTree = "<group>"; };
		9E87A91324D4180400DEAD5E /* MASConstraint.m */ = {isa = PBXFileReference; fileEncoding = 4; lastKnownFileType = sourcecode.c.objc; path = MASConstraint.m; sourceTree = "<group>"; };
		9E87A91424D4180400DEAD5E /* ViewController+MASAdditions.h */ = {isa = PBXFileReference; fileEncoding = 4; lastKnownFileType = sourcecode.c.h; path = "ViewController+MASAdditions.h"; sourceTree = "<group>"; };
		9E87A91524D4180400DEAD5E /* MASViewConstraint.m */ = {isa = PBXFileReference; fileEncoding = 4; lastKnownFileType = sourcecode.c.objc; path = MASViewConstraint.m; sourceTree = "<group>"; };
		9E87A91624D4180400DEAD5E /* MASViewAttribute.m */ = {isa = PBXFileReference; fileEncoding = 4; lastKnownFileType = sourcecode.c.objc; path = MASViewAttribute.m; sourceTree = "<group>"; };
		9E87A92224D4182C00DEAD5E /* YYDiskCache.m */ = {isa = PBXFileReference; fileEncoding = 4; lastKnownFileType = sourcecode.c.objc; path = YYDiskCache.m; sourceTree = "<group>"; };
		9E87A92324D4182C00DEAD5E /* YYKVStorage.h */ = {isa = PBXFileReference; fileEncoding = 4; lastKnownFileType = sourcecode.c.h; path = YYKVStorage.h; sourceTree = "<group>"; };
		9E87A92424D4182C00DEAD5E /* YYCache.m */ = {isa = PBXFileReference; fileEncoding = 4; lastKnownFileType = sourcecode.c.objc; path = YYCache.m; sourceTree = "<group>"; };
		9E87A92524D4182C00DEAD5E /* YYMemoryCache.h */ = {isa = PBXFileReference; fileEncoding = 4; lastKnownFileType = sourcecode.c.h; path = YYMemoryCache.h; sourceTree = "<group>"; };
		9E87A92624D4182C00DEAD5E /* YYDiskCache.h */ = {isa = PBXFileReference; fileEncoding = 4; lastKnownFileType = sourcecode.c.h; path = YYDiskCache.h; sourceTree = "<group>"; };
		9E87A92724D4182C00DEAD5E /* YYCache.h */ = {isa = PBXFileReference; fileEncoding = 4; lastKnownFileType = sourcecode.c.h; path = YYCache.h; sourceTree = "<group>"; };
		9E87A92824D4182C00DEAD5E /* YYKVStorage.m */ = {isa = PBXFileReference; fileEncoding = 4; lastKnownFileType = sourcecode.c.objc; path = YYKVStorage.m; sourceTree = "<group>"; };
		9E87A92924D4182C00DEAD5E /* YYMemoryCache.m */ = {isa = PBXFileReference; fileEncoding = 4; lastKnownFileType = sourcecode.c.objc; path = YYMemoryCache.m; sourceTree = "<group>"; };
		9E87A93124D418C100DEAD5E /* DYBaseViewController.h */ = {isa = PBXFileReference; lastKnownFileType = sourcecode.c.h; path = DYBaseViewController.h; sourceTree = "<group>"; };
		9E87A93224D418C100DEAD5E /* DYBaseViewController.m */ = {isa = PBXFileReference; lastKnownFileType = sourcecode.c.objc; path = DYBaseViewController.m; sourceTree = "<group>"; };
		9E87A93424D418E700DEAD5E /* DYHomeViewController.h */ = {isa = PBXFileReference; lastKnownFileType = sourcecode.c.h; path = DYHomeViewController.h; sourceTree = "<group>"; };
		9E87A93724D4191900DEAD5E /* DYBaseNavigationController.h */ = {isa = PBXFileReference; lastKnownFileType = sourcecode.c.h; path = DYBaseNavigationController.h; sourceTree = "<group>"; };
		9E87A93824D4191900DEAD5E /* DYBaseNavigationController.m */ = {isa = PBXFileReference; lastKnownFileType = sourcecode.c.objc; path = DYBaseNavigationController.m; sourceTree = "<group>"; };
		9E87A93A24D41A3900DEAD5E /* DYSameCityViewController.h */ = {isa = PBXFileReference; lastKnownFileType = sourcecode.c.h; path = DYSameCityViewController.h; sourceTree = "<group>"; };
		9E87A93B24D41A3900DEAD5E /* DYSameCityViewController.m */ = {isa = PBXFileReference; lastKnownFileType = sourcecode.c.objc; path = DYSameCityViewController.m; sourceTree = "<group>"; };
		9E87A93D24D41A4600DEAD5E /* DYMsgViewController.h */ = {isa = PBXFileReference; lastKnownFileType = sourcecode.c.h; path = DYMsgViewController.h; sourceTree = "<group>"; };
		9E87A93E24D41A4600DEAD5E /* DYMsgViewController.m */ = {isa = PBXFileReference; lastKnownFileType = sourcecode.c.objc; path = DYMsgViewController.m; sourceTree = "<group>"; };
		9E87A94024D41A4F00DEAD5E /* DYMeViewController.h */ = {isa = PBXFileReference; lastKnownFileType = sourcecode.c.h; path = DYMeViewController.h; sourceTree = "<group>"; };
		9E87A94124D41A4F00DEAD5E /* DYMeViewController.m */ = {isa = PBXFileReference; lastKnownFileType = sourcecode.c.objc; path = DYMeViewController.m; sourceTree = "<group>"; };
		9E87A94624D41E7D00DEAD5E /* DYTabBar.h */ = {isa = PBXFileReference; lastKnownFileType = sourcecode.c.h; path = DYTabBar.h; sourceTree = "<group>"; };
		9E87A94724D41E7D00DEAD5E /* DYTabBar.m */ = {isa = PBXFileReference; lastKnownFileType = sourcecode.c.objc; path = DYTabBar.m; sourceTree = "<group>"; };
		9E87A94924D4216300DEAD5E /* DYFont.h */ = {isa = PBXFileReference; lastKnownFileType = sourcecode.c.h; path = DYFont.h; sourceTree = "<group>"; };
		9E87A94A24D4216300DEAD5E /* DYFont.m */ = {isa = PBXFileReference; lastKnownFileType = sourcecode.c.objc; path = DYFont.m; sourceTree = "<group>"; };
		9E87A94C24D4286A00DEAD5E /* UIView+Util.h */ = {isa = PBXFileReference; lastKnownFileType = sourcecode.c.h; path = "UIView+Util.h"; sourceTree = "<group>"; };
		9E87A94D24D4286A00DEAD5E /* UIView+Util.m */ = {isa = PBXFileReference; lastKnownFileType = sourcecode.c.objc; path = "UIView+Util.m"; sourceTree = "<group>"; };
		9E87A97824D4FEF800DEAD5E /* DYSegmentView.h */ = {isa = PBXFileReference; lastKnownFileType = sourcecode.c.h; path = DYSegmentView.h; sourceTree = "<group>"; };
		9E87A97924D4FEF800DEAD5E /* DYSegmentView.m */ = {isa = PBXFileReference; lastKnownFileType = sourcecode.c.objc; path = DYSegmentView.m; sourceTree = "<group>"; };
		9EC3DD1924D80CF0005A93BC /* DYHomeViewController.m */ = {isa = PBXFileReference; fileEncoding = 4; lastKnownFileType = sourcecode.c.objc; path = DYHomeViewController.m; sourceTree = "<group>"; };
		9EC3DD1B24D80CFD005A93BC /* DYVideoTableController.h */ = {isa = PBXFileReference; lastKnownFileType = sourcecode.c.h; path = DYVideoTableController.h; sourceTree = "<group>"; };
		9EC3DD1C24D80CFD005A93BC /* DYVideoTableController.m */ = {isa = PBXFileReference; lastKnownFileType = sourcecode.c.objc; path = DYVideoTableController.m; sourceTree = "<group>"; };
		9EC3DD1E24D81074005A93BC /* DYVideoViewCell.h */ = {isa = PBXFileReference; lastKnownFileType = sourcecode.c.h; path = DYVideoViewCell.h; sourceTree = "<group>"; };
		9EC3DD1F24D81074005A93BC /* DYVideoViewCell.m */ = {isa = PBXFileReference; lastKnownFileType = sourcecode.c.objc; path = DYVideoViewCell.m; sourceTree = "<group>"; };
/* End PBXFileReference section */

/* Begin PBXFrameworksBuildPhase section */
		9E87A87424D40C6900DEAD5E /* Frameworks */ = {
			isa = PBXFrameworksBuildPhase;
			buildActionMask = 2147483647;
			files = (
			);
			runOnlyForDeploymentPostprocessing = 0;
		};
/* End PBXFrameworksBuildPhase section */

/* Begin PBXGroup section */
		9E87A86E24D40C6900DEAD5E = {
			isa = PBXGroup;
			children = (
				9E87A87924D40C6900DEAD5E /* DouYin */,
				9E87A87824D40C6900DEAD5E /* Products */,
			);
			sourceTree = "<group>";
		};
		9E87A87824D40C6900DEAD5E /* Products */ = {
			isa = PBXGroup;
			children = (
				9E87A87724D40C6900DEAD5E /* DouYin.app */,
			);
			name = Products;
			sourceTree = "<group>";
		};
		9E87A87924D40C6900DEAD5E /* DouYin */ = {
			isa = PBXGroup;
			children = (
				9E87A8B824D4106A00DEAD5E /* Classes */,
				9E87A87A24D40C6900DEAD5E /* AppDelegate.h */,
				9E87A87B24D40C6900DEAD5E /* AppDelegate.m */,
				9E87A88624D40C7000DEAD5E /* Assets.xcassets */,
				9E87A89324D40D1900DEAD5E /* DYMainTabBarController.h */,
				9E87A89424D40D1900DEAD5E /* DYMainTabBarController.m */,
				9E87A88B24D40C7000DEAD5E /* Info.plist */,
				9E87A88824D40C7000DEAD5E /* LaunchScreen.storyboard */,
				9E87A88C24D40C7000DEAD5E /* main.m */,
				9E87A8BD24D4112D00DEAD5E /* DYPrefixHeader.pch */,
				9E87A8C324D412E900DEAD5E /* DYCommonMacro.h */,
			);
			path = DouYin;
			sourceTree = "<group>";
		};
		9E87A8B124D4106A00DEAD5E /* Message */ = {
			isa = PBXGroup;
			children = (
				9E87A93D24D41A4600DEAD5E /* DYMsgViewController.h */,
				9E87A93E24D41A4600DEAD5E /* DYMsgViewController.m */,
			);
			path = Message;
			sourceTree = "<group>";
		};
		9E87A8B224D4106A00DEAD5E /* Thrid */ = {
			isa = PBXGroup;
			children = (
				9E87A97B24D54C5500DEAD5E /* DYSegmentView */,
				9E87A92124D4182C00DEAD5E /* YYCache */,
				9E87A8FD24D4180400DEAD5E /* Masonry */,
				9E87A8F524D416F600DEAD5E /* YYModel */,
				9E87A8F424D4168E00DEAD5E /* DYPickView */,
			);
			path = Thrid;
			sourceTree = "<group>";
		};
		9E87A8B524D4106A00DEAD5E /* Me */ = {
			isa = PBXGroup;
			children = (
				9E87A94024D41A4F00DEAD5E /* DYMeViewController.h */,
				9E87A94124D41A4F00DEAD5E /* DYMeViewController.m */,
			);
			path = Me;
			sourceTree = "<group>";
		};
		9E87A8B624D4106A00DEAD5E /* Category */ = {
			isa = PBXGroup;
			children = (
				9E87A8D724D415CE00DEAD5E /* UITextView+Placeholder.h */,
				9E87A8D624D415CE00DEAD5E /* UITextView+Placeholder.m */,
				9E87A8D424D4156300DEAD5E /* NSString+Util.h */,
				9E87A8D324D4156300DEAD5E /* NSString+Util.m */,
				9E87A8B424D4106A00DEAD5E /* UIButton+CountDown.h */,
				9E87A8B324D4106A00DEAD5E /* UIButton+CountDown.m */,
				9E87A8C424D4147B00DEAD5E /* UIButton+Util.h */,
				9E87A8C524D4147B00DEAD5E /* UIButton+Util.m */,
				9E87A8CB24D414CB00DEAD5E /* UIColor+Util.h */,
				9E87A8CA24D414CB00DEAD5E /* UIColor+Util.m */,
				9E87A8D124D4155B00DEAD5E /* UIView+Controller.h */,
				9E87A8D024D4155B00DEAD5E /* UIView+Controller.m */,
				9E87A8CD24D4153900DEAD5E /* UIViewController+DYToast.h */,
				9E87A8CE24D4153900DEAD5E /* UIViewController+DYToast.m */,
				9E87A94C24D4286A00DEAD5E /* UIView+Util.h */,
				9E87A94D24D4286A00DEAD5E /* UIView+Util.m */,
			);
			path = Category;
			sourceTree = "<group>";
		};
		9E87A8B724D4106A00DEAD5E /* Home */ = {
			isa = PBXGroup;
			children = (
				9E87A95824D4502100DEAD5E /* Model */,
				9E87A95724D4501C00DEAD5E /* View */,
				9E87A95624D4501200DEAD5E /* Controller */,
			);
			path = Home;
			sourceTree = "<group>";
		};
		9E87A8B824D4106A00DEAD5E /* Classes */ = {
			isa = PBXGroup;
			children = (
				9E87A8C224D411E300DEAD5E /* Common */,
				9E87A8B524D4106A00DEAD5E /* Me */,
				9E87A8B124D4106A00DEAD5E /* Message */,
				9E87A8B224D4106A00DEAD5E /* Thrid */,
				9E87A8BA24D4109400DEAD5E /* SameCity */,
				9E87A8B724D4106A00DEAD5E /* Home */,
				9E87A8B624D4106A00DEAD5E /* Category */,
			);
			path = Classes;
			sourceTree = "<group>";
		};
		9E87A8BA24D4109400DEAD5E /* SameCity */ = {
			isa = PBXGroup;
			children = (
				9E87A93A24D41A3900DEAD5E /* DYSameCityViewController.h */,
				9E87A93B24D41A3900DEAD5E /* DYSameCityViewController.m */,
			);
			path = SameCity;
			sourceTree = "<group>";
		};
		9E87A8C224D411E300DEAD5E /* Common */ = {
			isa = PBXGroup;
			children = (
				9E87A8BE24D411C500DEAD5E /* DYColor.h */,
				9E87A8BF24D411C500DEAD5E /* DYColor.m */,
				9E87A93124D418C100DEAD5E /* DYBaseViewController.h */,
				9E87A93224D418C100DEAD5E /* DYBaseViewController.m */,
				9E87A93724D4191900DEAD5E /* DYBaseNavigationController.h */,
				9E87A93824D4191900DEAD5E /* DYBaseNavigationController.m */,
				9E87A94624D41E7D00DEAD5E /* DYTabBar.h */,
				9E87A94724D41E7D00DEAD5E /* DYTabBar.m */,
				9E87A94924D4216300DEAD5E /* DYFont.h */,
				9E87A94A24D4216300DEAD5E /* DYFont.m */,
			);
			path = Common;
			sourceTree = "<group>";
		};
		9E87A8F424D4168E00DEAD5E /* DYPickView */ = {
			isa = PBXGroup;
			children = (
				9E87A8E924D4164A00DEAD5E /* address.plist */,
				9E87A8EA24D4164A00DEAD5E /* DYAddressModel.h */,
				9E87A8E624D4164A00DEAD5E /* DYAddressModel.m */,
				9E87A8E524D4164A00DEAD5E /* DYAddressPickerView.h */,
				9E87A8E824D4164A00DEAD5E /* DYAddressPickerView.m */,
				9E87A8E324D4164A00DEAD5E /* DYBaseView.h */,
				9E87A8E224D4164A00DEAD5E /* DYBaseView.m */,
				9E87A8E024D4164A00DEAD5E /* DYDatePickerView.h */,
				9E87A8DF24D4164A00DEAD5E /* DYDatePickerView.m */,
				9E87A8DD24D4164A00DEAD5E /* DYPickerView.h */,
				9E87A8DC24D4164A00DEAD5E /* DYUnaffiliatedDataPickerView.h */,
				9E87A8DB24D4164A00DEAD5E /* DYUnaffiliatedDataPickerView.m */,
			);
			path = DYPickView;
			sourceTree = "<group>";
		};
		9E87A8F524D416F600DEAD5E /* YYModel */ = {
			isa = PBXGroup;
			children = (
				9E87A8F624D416F600DEAD5E /* YYClassInfo.h */,
				9E87A8F724D416F600DEAD5E /* YYModel.h */,
				9E87A8F824D416F600DEAD5E /* NSObject+YYModel.m */,
				9E87A8F924D416F600DEAD5E /* YYClassInfo.m */,
				9E87A8FA24D416F600DEAD5E /* NSObject+YYModel.h */,
			);
			path = YYModel;
			sourceTree = "<group>";
		};
		9E87A8FD24D4180400DEAD5E /* Masonry */ = {
			isa = PBXGroup;
			children = (
				9E87A8FE24D4180400DEAD5E /* MASCompositeConstraint.h */,
				9E87A8FF24D4180400DEAD5E /* NSLayoutConstraint+MASDebugAdditions.m */,
				9E87A90024D4180400DEAD5E /* MASConstraint+Private.h */,
				9E87A90124D4180400DEAD5E /* MASLayoutConstraint.h */,
				9E87A90224D4180400DEAD5E /* NSArray+MASShorthandAdditions.h */,
				9E87A90324D4180400DEAD5E /* MASConstraintMaker.h */,
				9E87A90424D4180400DEAD5E /* View+MASAdditions.h */,
				9E87A90524D4180400DEAD5E /* NSArray+MASAdditions.h */,
				9E87A90624D4180400DEAD5E /* MASUtilities.h */,
				9E87A90724D4180400DEAD5E /* MASViewAttribute.h */,
				9E87A90824D4180400DEAD5E /* ViewController+MASAdditions.m */,
				9E87A90924D4180400DEAD5E /* MASViewConstraint.h */,
				9E87A90A24D4180400DEAD5E /* MASConstraint.h */,
				9E87A90B24D4180400DEAD5E /* NSLayoutConstraint+MASDebugAdditions.h */,
				9E87A90C24D4180400DEAD5E /* MASCompositeConstraint.m */,
				9E87A90D24D4180400DEAD5E /* MASConstraintMaker.m */,
				9E87A90E24D4180400DEAD5E /* MASLayoutConstraint.m */,
				9E87A90F24D4180400DEAD5E /* NSArray+MASAdditions.m */,
				9E87A91024D4180400DEAD5E /* View+MASAdditions.m */,
				9E87A91124D4180400DEAD5E /* View+MASShorthandAdditions.h */,
				9E87A91224D4180400DEAD5E /* Masonry.h */,
				9E87A91324D4180400DEAD5E /* MASConstraint.m */,
				9E87A91424D4180400DEAD5E /* ViewController+MASAdditions.h */,
				9E87A91524D4180400DEAD5E /* MASViewConstraint.m */,
				9E87A91624D4180400DEAD5E /* MASViewAttribute.m */,
			);
			path = Masonry;
			sourceTree = "<group>";
		};
		9E87A92124D4182C00DEAD5E /* YYCache */ = {
			isa = PBXGroup;
			children = (
				9E87A92224D4182C00DEAD5E /* YYDiskCache.m */,
				9E87A92324D4182C00DEAD5E /* YYKVStorage.h */,
				9E87A92424D4182C00DEAD5E /* YYCache.m */,
				9E87A92524D4182C00DEAD5E /* YYMemoryCache.h */,
				9E87A92624D4182C00DEAD5E /* YYDiskCache.h */,
				9E87A92724D4182C00DEAD5E /* YYCache.h */,
				9E87A92824D4182C00DEAD5E /* YYKVStorage.m */,
				9E87A92924D4182C00DEAD5E /* YYMemoryCache.m */,
			);
			path = YYCache;
			sourceTree = "<group>";
		};
		9E87A95624D4501200DEAD5E /* Controller */ = {
			isa = PBXGroup;
			children = (
				9E87A93424D418E700DEAD5E /* DYHomeViewController.h */,
				9EC3DD1924D80CF0005A93BC /* DYHomeViewController.m */,
				9EC3DD1B24D80CFD005A93BC /* DYVideoTableController.h */,
				9EC3DD1C24D80CFD005A93BC /* DYVideoTableController.m */,
			);
			path = Controller;
			sourceTree = "<group>";
		};
		9E87A95724D4501C00DEAD5E /* View */ = {
			isa = PBXGroup;
			children = (
				9EC3DD1E24D81074005A93BC /* DYVideoViewCell.h */,
				9EC3DD1F24D81074005A93BC /* DYVideoViewCell.m */,
			);
			path = View;
			sourceTree = "<group>";
		};
		9E87A95824D4502100DEAD5E /* Model */ = {
			isa = PBXGroup;
			children = (
			);
			path = Model;
			sourceTree = "<group>";
		};
		9E87A97B24D54C5500DEAD5E /* DYSegmentView */ = {
			isa = PBXGroup;
			children = (
				9E87A97824D4FEF800DEAD5E /* DYSegmentView.h */,
				9E87A97924D4FEF800DEAD5E /* DYSegmentView.m */,
			);
			path = DYSegmentView;
			sourceTree = "<group>";
		};
/* End PBXGroup section */

/* Begin PBXNativeTarget section */
		9E87A87624D40C6900DEAD5E /* DouYin */ = {
			isa = PBXNativeTarget;
			buildConfigurationList = 9E87A89024D40C7000DEAD5E /* Build configuration list for PBXNativeTarget "DouYin" */;
			buildPhases = (
				9E87A87324D40C6900DEAD5E /* Sources */,
				9E87A87424D40C6900DEAD5E /* Frameworks */,
				9E87A87524D40C6900DEAD5E /* Resources */,
			);
			buildRules = (
			);
			dependencies = (
			);
			name = DouYin;
			productName = DouYin;
			productReference = 9E87A87724D40C6900DEAD5E /* DouYin.app */;
			productType = "com.apple.product-type.application";
		};
/* End PBXNativeTarget section */

/* Begin PBXProject section */
		9E87A86F24D40C6900DEAD5E /* Project object */ = {
			isa = PBXProject;
			attributes = {
				LastUpgradeCheck = 1160;
				ORGANIZATIONNAME = hehaichi;
				TargetAttributes = {
					9E87A87624D40C6900DEAD5E = {
						CreatedOnToolsVersion = 11.6;
					};
				};
			};
			buildConfigurationList = 9E87A87224D40C6900DEAD5E /* Build configuration list for PBXProject "DouYin" */;
			compatibilityVersion = "Xcode 9.3";
			developmentRegion = en;
			hasScannedForEncodings = 0;
			knownRegions = (
				en,
				Base,
			);
			mainGroup = 9E87A86E24D40C6900DEAD5E;
			productRefGroup = 9E87A87824D40C6900DEAD5E /* Products */;
			projectDirPath = "";
			projectRoot = "";
			targets = (
				9E87A87624D40C6900DEAD5E /* DouYin */,
			);
		};
/* End PBXProject section */

/* Begin PBXResourcesBuildPhase section */
		9E87A87524D40C6900DEAD5E /* Resources */ = {
			isa = PBXResourcesBuildPhase;
			buildActionMask = 2147483647;
			files = (
				9E87A88A24D40C7000DEAD5E /* LaunchScreen.storyboard in Resources */,
				9E87A8F324D4164A00DEAD5E /* address.plist in Resources */,
				9E87A88724D40C7000DEAD5E /* Assets.xcassets in Resources */,
			);
			runOnlyForDeploymentPostprocessing = 0;
		};
/* End PBXResourcesBuildPhase section */

/* Begin PBXSourcesBuildPhase section */
		9E87A87324D40C6900DEAD5E /* Sources */ = {
			isa = PBXSourcesBuildPhase;
			buildActionMask = 2147483647;
			files = (
				9E87A93924D4191900DEAD5E /* DYBaseNavigationController.m in Sources */,
				9E87A87C24D40C6900DEAD5E /* AppDelegate.m in Sources */,
				9E87A92024D4180400DEAD5E /* MASViewAttribute.m in Sources */,
				9E87A8F224D4164A00DEAD5E /* DYAddressPickerView.m in Sources */,
				9E87A8FB24D416F600DEAD5E /* NSObject+YYModel.m in Sources */,
				9E87A8D224D4155B00DEAD5E /* UIView+Controller.m in Sources */,
				9E87A8ED24D4164A00DEAD5E /* DYUnaffiliatedDataPickerView.m in Sources */,
				9E87A8C624D4147B00DEAD5E /* UIButton+Util.m in Sources */,
				9E87A91824D4180400DEAD5E /* ViewController+MASAdditions.m in Sources */,
				9E87A8F024D4164A00DEAD5E /* DYAddressModel.m in Sources */,
				9E87A92D24D4182C00DEAD5E /* YYMemoryCache.m in Sources */,
				9E87A91D24D4180400DEAD5E /* View+MASAdditions.m in Sources */,
				9E87A91F24D4180400DEAD5E /* MASViewConstraint.m in Sources */,
				9E87A8B924D4106A00DEAD5E /* UIButton+CountDown.m in Sources */,
				9E87A91A24D4180400DEAD5E /* MASConstraintMaker.m in Sources */,
				9E87A91724D4180400DEAD5E /* NSLayoutConstraint+MASDebugAdditions.m in Sources */,
				9E87A92B24D4182C00DEAD5E /* YYCache.m in Sources */,
				9E87A91E24D4180400DEAD5E /* MASConstraint.m in Sources */,
				9E87A91924D4180400DEAD5E /* MASCompositeConstraint.m in Sources */,
				9E87A97A24D4FEF800DEAD5E /* DYSegmentView.m in Sources */,
				9EC3DD1A24D80CF0005A93BC /* DYHomeViewController.m in Sources */,
				9E87A91B24D4180400DEAD5E /* MASLayoutConstraint.m in Sources */,
				9E87A92C24D4182C00DEAD5E /* YYKVStorage.m in Sources */,
				9EC3DD2024D81074005A93BC /* DYVideoViewCell.m in Sources */,
				9EC3DD1D24D80CFD005A93BC /* DYVideoTableController.m in Sources */,
				9E87A8D824D415CE00DEAD5E /* UITextView+Placeholder.m in Sources */,
				9E87A92A24D4182C00DEAD5E /* YYDiskCache.m in Sources */,
				9E87A93324D418C100DEAD5E /* DYBaseViewController.m in Sources */,
				9E87A89524D40D1900DEAD5E /* DYMainTabBarController.m in Sources */,
				9E87A94E24D4286A00DEAD5E /* UIView+Util.m in Sources */,
				9E87A8EF24D4164A00DEAD5E /* DYBaseView.m in Sources */,
				9E87A8C024D411C500DEAD5E /* DYColor.m in Sources */,
				9E87A8CF24D4153900DEAD5E /* UIViewController+DYToast.m in Sources */,
				9E87A8D524D4156300DEAD5E /* NSString+Util.m in Sources */,
				9E87A88D24D40C7000DEAD5E /* main.m in Sources */,
				9E87A91C24D4180400DEAD5E /* NSArray+MASAdditions.m in Sources */,
				9E87A93C24D41A3900DEAD5E /* DYSameCityViewController.m in Sources */,
				9E87A94224D41A4F00DEAD5E /* DYMeViewController.m in Sources */,
				9E87A8EE24D4164A00DEAD5E /* DYDatePickerView.m in Sources */,
				9E87A94824D41E7D00DEAD5E /* DYTabBar.m in Sources */,
				9E87A8FC24D416F600DEAD5E /* YYClassInfo.m in Sources */,
				9E87A8CC24D414CB00DEAD5E /* UIColor+Util.m in Sources */,
				9E87A93F24D41A4600DEAD5E /* DYMsgViewController.m in Sources */,
				9E87A94B24D4216300DEAD5E /* DYFont.m in Sources */,
			);
			runOnlyForDeploymentPostprocessing = 0;
		};
/* End PBXSourcesBuildPhase section */

/* Begin PBXVariantGroup section */
		9E87A88824D40C7000DEAD5E /* LaunchScreen.storyboard */ = {
			isa = PBXVariantGroup;
			children = (
				9E87A88924D40C7000DEAD5E /* Base */,
			);
			name = LaunchScreen.storyboard;
			sourceTree = "<group>";
		};
/* End PBXVariantGroup section */

/* Begin XCBuildConfiguration section */
		9E87A88E24D40C7000DEAD5E /* Debug */ = {
			isa = XCBuildConfiguration;
			buildSettings = {
				ALWAYS_SEARCH_USER_PATHS = NO;
				CLANG_ANALYZER_NONNULL = YES;
				CLANG_ANALYZER_NUMBER_OBJECT_CONVERSION = YES_AGGRESSIVE;
				CLANG_CXX_LANGUAGE_STANDARD = "gnu++14";
				CLANG_CXX_LIBRARY = "libc++";
				CLANG_ENABLE_MODULES = YES;
				CLANG_ENABLE_OBJC_ARC = YES;
				CLANG_ENABLE_OBJC_WEAK = YES;
				CLANG_WARN_BLOCK_CAPTURE_AUTORELEASING = YES;
				CLANG_WARN_BOOL_CONVERSION = YES;
				CLANG_WARN_COMMA = YES;
				CLANG_WARN_CONSTANT_CONVERSION = YES;
				CLANG_WARN_DEPRECATED_OBJC_IMPLEMENTATIONS = YES;
				CLANG_WARN_DIRECT_OBJC_ISA_USAGE = YES_ERROR;
				CLANG_WARN_DOCUMENTATION_COMMENTS = YES;
				CLANG_WARN_EMPTY_BODY = YES;
				CLANG_WARN_ENUM_CONVERSION = YES;
				CLANG_WARN_INFINITE_RECURSION = YES;
				CLANG_WARN_INT_CONVERSION = YES;
				CLANG_WARN_NON_LITERAL_NULL_CONVERSION = YES;
				CLANG_WARN_OBJC_IMPLICIT_RETAIN_SELF = YES;
				CLANG_WARN_OBJC_LITERAL_CONVERSION = YES;
				CLANG_WARN_OBJC_ROOT_CLASS = YES_ERROR;
				CLANG_WARN_RANGE_LOOP_ANALYSIS = YES;
				CLANG_WARN_STRICT_PROTOTYPES = YES;
				CLANG_WARN_SUSPICIOUS_MOVE = YES;
				CLANG_WARN_UNGUARDED_AVAILABILITY = YES_AGGRESSIVE;
				CLANG_WARN_UNREACHABLE_CODE = YES;
				CLANG_WARN__DUPLICATE_METHOD_MATCH = YES;
				COPY_PHASE_STRIP = NO;
				DEBUG_INFORMATION_FORMAT = dwarf;
				ENABLE_STRICT_OBJC_MSGSEND = YES;
				ENABLE_TESTABILITY = YES;
				GCC_C_LANGUAGE_STANDARD = gnu11;
				GCC_DYNAMIC_NO_PIC = NO;
				GCC_NO_COMMON_BLOCKS = YES;
				GCC_OPTIMIZATION_LEVEL = 0;
				GCC_PREPROCESSOR_DEFINITIONS = (
					"DEBUG=1",
					"$(inherited)",
				);
				GCC_WARN_64_TO_32_BIT_CONVERSION = YES;
				GCC_WARN_ABOUT_RETURN_TYPE = YES_ERROR;
				GCC_WARN_UNDECLARED_SELECTOR = YES;
				GCC_WARN_UNINITIALIZED_AUTOS = YES_AGGRESSIVE;
				GCC_WARN_UNUSED_FUNCTION = YES;
				GCC_WARN_UNUSED_VARIABLE = YES;
				IPHONEOS_DEPLOYMENT_TARGET = 13.6;
				MTL_ENABLE_DEBUG_INFO = INCLUDE_SOURCE;
				MTL_FAST_MATH = YES;
				ONLY_ACTIVE_ARCH = YES;
				SDKROOT = iphoneos;
			};
			name = Debug;
		};
		9E87A88F24D40C7000DEAD5E /* Release */ = {
			isa = XCBuildConfiguration;
			buildSettings = {
				ALWAYS_SEARCH_USER_PATHS = NO;
				CLANG_ANALYZER_NONNULL = YES;
				CLANG_ANALYZER_NUMBER_OBJECT_CONVERSION = YES_AGGRESSIVE;
				CLANG_CXX_LANGUAGE_STANDARD = "gnu++14";
				CLANG_CXX_LIBRARY = "libc++";
				CLANG_ENABLE_MODULES = YES;
				CLANG_ENABLE_OBJC_ARC = YES;
				CLANG_ENABLE_OBJC_WEAK = YES;
				CLANG_WARN_BLOCK_CAPTURE_AUTORELEASING = YES;
				CLANG_WARN_BOOL_CONVERSION = YES;
				CLANG_WARN_COMMA = YES;
				CLANG_WARN_CONSTANT_CONVERSION = YES;
				CLANG_WARN_DEPRECATED_OBJC_IMPLEMENTATIONS = YES;
				CLANG_WARN_DIRECT_OBJC_ISA_USAGE = YES_ERROR;
				CLANG_WARN_DOCUMENTATION_COMMENTS = YES;
				CLANG_WARN_EMPTY_BODY = YES;
				CLANG_WARN_ENUM_CONVERSION = YES;
				CLANG_WARN_INFINITE_RECURSION = YES;
				CLANG_WARN_INT_CONVERSION = YES;
				CLANG_WARN_NON_LITERAL_NULL_CONVERSION = YES;
				CLANG_WARN_OBJC_IMPLICIT_RETAIN_SELF = YES;
				CLANG_WARN_OBJC_LITERAL_CONVERSION = YES;
				CLANG_WARN_OBJC_ROOT_CLASS = YES_ERROR;
				CLANG_WARN_RANGE_LOOP_ANALYSIS = YES;
				CLANG_WARN_STRICT_PROTOTYPES = YES;
				CLANG_WARN_SUSPICIOUS_MOVE = YES;
				CLANG_WARN_UNGUARDED_AVAILABILITY = YES_AGGRESSIVE;
				CLANG_WARN_UNREACHABLE_CODE = YES;
				CLANG_WARN__DUPLICATE_METHOD_MATCH = YES;
				COPY_PHASE_STRIP = NO;
				DEBUG_INFORMATION_FORMAT = "dwarf-with-dsym";
				ENABLE_NS_ASSERTIONS = NO;
				ENABLE_STRICT_OBJC_MSGSEND = YES;
				GCC_C_LANGUAGE_STANDARD = gnu11;
				GCC_NO_COMMON_BLOCKS = YES;
				GCC_WARN_64_TO_32_BIT_CONVERSION = YES;
				GCC_WARN_ABOUT_RETURN_TYPE = YES_ERROR;
				GCC_WARN_UNDECLARED_SELECTOR = YES;
				GCC_WARN_UNINITIALIZED_AUTOS = YES_AGGRESSIVE;
				GCC_WARN_UNUSED_FUNCTION = YES;
				GCC_WARN_UNUSED_VARIABLE = YES;
				IPHONEOS_DEPLOYMENT_TARGET = 13.6;
				MTL_ENABLE_DEBUG_INFO = NO;
				MTL_FAST_MATH = YES;
				SDKROOT = iphoneos;
				VALIDATE_PRODUCT = YES;
			};
			name = Release;
		};
		9E87A89124D40C7000DEAD5E /* Debug */ = {
			isa = XCBuildConfiguration;
			buildSettings = {
				ASSETCATALOG_COMPILER_APPICON_NAME = AppIcon;
				CODE_SIGN_STYLE = Automatic;
				DEVELOPMENT_TEAM = ASHUJA454F;
				GCC_PRECOMPILE_PREFIX_HEADER = YES;
				GCC_PREFIX_HEADER = /Users/hehaichi/Other/DouYin/DouYin/DYPrefixHeader.pch;
				INFOPLIST_FILE = DouYin/Info.plist;
				IPHONEOS_DEPLOYMENT_TARGET = 9.0;
				LD_RUNPATH_SEARCH_PATHS = (
					"$(inherited)",
					"@executable_path/Frameworks",
				);
				PRODUCT_BUNDLE_IDENTIFIER = com.hehaichi.DouYin;
				PRODUCT_NAME = "$(TARGET_NAME)";
				TARGETED_DEVICE_FAMILY = "1,2";
			};
			name = Debug;
		};
		9E87A89224D40C7000DEAD5E /* Release */ = {
			isa = XCBuildConfiguration;
			buildSettings = {
				ASSETCATALOG_COMPILER_APPICON_NAME = AppIcon;
				CODE_SIGN_STYLE = Automatic;
				DEVELOPMENT_TEAM = ASHUJA454F;
				GCC_PRECOMPILE_PREFIX_HEADER = YES;
				GCC_PREFIX_HEADER = /Users/hehaichi/Other/DouYin/DouYin/DYPrefixHeader.pch;
				INFOPLIST_FILE = DouYin/Info.plist;
				IPHONEOS_DEPLOYMENT_TARGET = 9.0;
				LD_RUNPATH_SEARCH_PATHS = (
					"$(inherited)",
					"@executable_path/Frameworks",
				);
				PRODUCT_BUNDLE_IDENTIFIER = com.hehaichi.DouYin;
				PRODUCT_NAME = "$(TARGET_NAME)";
				TARGETED_DEVICE_FAMILY = "1,2";
			};
			name = Release;
		};
/* End XCBuildConfiguration section */

/* Begin XCConfigurationList section */
		9E87A87224D40C6900DEAD5E /* Build configuration list for PBXProject "DouYin" */ = {
			isa = XCConfigurationList;
			buildConfigurations = (
				9E87A88E24D40C7000DEAD5E /* Debug */,
				9E87A88F24D40C7000DEAD5E /* Release */,
			);
			defaultConfigurationIsVisible = 0;
			defaultConfigurationName = Release;
		};
		9E87A89024D40C7000DEAD5E /* Build configuration list for PBXNativeTarget "DouYin" */ = {
			isa = XCConfigurationList;
			buildConfigurations = (
				9E87A89124D40C7000DEAD5E /* Debug */,
				9E87A89224D40C7000DEAD5E /* Release */,
			);
			defaultConfigurationIsVisible = 0;
			defaultConfigurationName = Release;
		};
/* End XCConfigurationList section */
	};
	rootObject = 9E87A86F24D40C6900DEAD5E /* Project object */;
}
